{
  "name": "ibs-multi-service-app",
  "version": "1.0.0",
  "lockfileVersion": 3,
  "requires": true,
  "packages": {
    "": {
      "name": "ibs-multi-service-app",
      "version": "1.0.0",
      "dependencies": {
        "aws-sdk": "^2.1494.0",
        "pg": "^8.11.3"
      },
      "devDependencies": {
        "serverless": "^3.35.0"
      }
    }
  }
}